
Microsoft Visual Studio Solution File, Format Version 12.00
# Visual Studio Version 17
VisualStudioVersion = 17.5.002.0
MinimumVisualStudioVersion = 10.0.40219.1
Project("{9A19103F-16F7-4668-BE54-9A1E7A4F7556}") = "GameOfLife", "GameOfLife.csproj", "{DA9D1BC4-9D1D-443F-8AE9-3F4DBA1DA283}"
EndProject
Global
	GlobalSection(SolutionConfigurationPlatforms) = preSolution
		Debug|Any CPU = Debug|Any CPU
		Release|Any CPU = Release|Any CPU
	EndGlobalSection
	GlobalSection(ProjectConfigurationPlatforms) = postSolution
		{DA9D1BC4-9D1D-443F-8AE9-3F4DBA1DA283}.Debug|Any CPU.ActiveCfg = Debug|Any CPU
		{DA9D1BC4-9D1D-443F-8AE9-3F4DBA1DA283}.Debug|Any CPU.Build.0 = Debug|Any CPU
		{DA9D1BC4-9D1D-443F-8AE9-3F4DBA1DA283}.Release|Any CPU.ActiveCfg = Release|Any CPU
		{DA9D1BC4-9D1D-443F-8AE9-3F4DBA1DA283}.Release|Any CPU.Build.0 = Release|Any CPU
	EndGlobalSection
	GlobalSection(SolutionProperties) = preSolution
		HideSolutionNode = FALSE
	EndGlobalSection
	GlobalSection(ExtensibilityGlobals) = postSolution
		SolutionGuid = {73ED5F09-F75E-4CC2-AE94-6061018D56A0}
	EndGlobalSection
EndGlobal
